{
  "nodes": {
    "devenv": {
      "locked": {
        "dir": "src/modules",
        "lastModified": 1776080969,
        "narHash": "sha256-2uZxF6q0KOIH8tq3r65ZCz7dM+XYP3avtRP8IBq5zYY=",
        "owner": "cachix",
        "repo": "devenv",
        "rev": "8d558a84fa38242a7f13781670fee1a6a8902b48",
        "type": "github"
      },
      "original": {
        "dir": "src/modules",
        "owner": "cachix",
        "repo": "devenv",
        "type": "github"
      }
    },
    "flake-compat": {
      "locked": {
        "lastModified": 1747046372,
        "narHash": "sha256-CIVLLkVgvHYbgI2UpXvIIBJ12HWgX+fjA8Xf8PUmqCY=",
        "owner": "edolstra",
        "repo": "flake-compat",
        "rev": "9100a0f413b0c601e0533d1d94ffd501ce2e7885",
        "type": "github"
      },
      "original": {
        "owner": "edolstra",
        "repo": "flake-compat",
        "type": "github"
      }
    },
    "nixpkgs": {
      "locked": {
        "lastModified": 1775888245,
        "narHash": "sha256-nwASzrRDD1JBEu/o8ekKYEXm/oJW6EMCzCRdrwcLe90=",
        "owner": "nixos",
        "repo": "nixpkgs",
        "rev": "13043924aaa7375ce482ebe2494338e058282925",
        "type": "github"
      },
      "original": {
        "owner": "nixos",
        "ref": "nixpkgs-unstable",
        "repo": "nixpkgs",
        "type": "github"
      }
    },
    "nixpkgs-emscripten": {
      "locked": {
        "lastModified": 1732896023,
        "narHash": "sha256-H5XwF9vdzBvqWxR6WMVOiV/eESB3qFLKexWKtCPAuu0=",
        "owner": "nixos",
        "repo": "nixpkgs",
        "rev": "e255a9090e25aed2486f9fb00e5d645fb342d654",
        "type": "github"
      },
      "original": {
        "owner": "nixos",
        "repo": "nixpkgs",
        "rev": "e255a9090e25aed2486f9fb00e5d645fb342d654",
        "type": "github"
      }
    },
    "nixpkgs_2": {
      "locked": {
        "lastModified": 1751349533,
        "narHash": "sha256-5XRh0mB06/7WYDLu9ZXsx1GhyvvNVZDtPyg34sUCLJs=",
        "owner": "nixos",
        "repo": "nixpkgs",
        "rev": "bdfd0f2afcf764e531d0960c821ab070a6174b15",
        "type": "github"
      },
      "original": {
        "owner": "nixos",
        "ref": "nixpkgs-unstable",
        "repo": "nixpkgs",
        "type": "github"
      }
    },
    "root": {
      "inputs": {
        "devenv": "devenv",
        "nixpkgs": "nixpkgs",
        "nixpkgs-emscripten": "nixpkgs-emscripten",
        "rust-overlay": "rust-overlay",
        "tracy": "tracy"
      }
    },
    "rust-overlay": {
      "inputs": {
        "nixpkgs": [
          "nixpkgs"
        ]
      },
      "locked": {
        "lastModified": 1776050130,
        "narHash": "sha256-/f/6/1WOfBJaGMfqV3VxWD9lpFRbPpF+Cx4MO+0mGok=",
        "owner": "oxalica",
        "repo": "rust-overlay",
        "rev": "3c27f4c92a7d977556dd2c10bb564d9c61b375e9",
        "type": "github"
      },
      "original": {
        "owner": "oxalica",
        "repo": "rust-overlay",
        "type": "github"
      }
    },
    "tracy": {
      "inputs": {
        "flake-compat": "flake-compat",
        "nixpkgs": "nixpkgs_2"
      },
      "locked": {
        "lastModified": 1751404470,
        "narHash": "sha256-IEaRA4GiGV8VBep4I/L8yniZ8pyEC+mW/dV8O1H0uhE=",
        "owner": "allyourcodebase",
        "repo": "tracy",
        "rev": "2ffcfc74dd24e77113fb07b3044a3fb2f5c2c325",
        "type": "github"
      },
      "original": {
        "owner": "allyourcodebase",
        "repo": "tracy",
        "rev": "2ffcfc74dd24e77113fb07b3044a3fb2f5c2c325",
        "type": "github"
      }
    }
  },
  "root": "root",
  "version": 7
}