{
  "nodes": {
    "devenv": {
      "locked": {
        "dir": "src/modules",
        "lastModified": 1783538213,
        "narHash": "sha256-jNjKlmrejUrBgVAeiavlMLlkmC7ZEv1D9nhfuwMW5Q8=",
        "owner": "cachix",
        "repo": "devenv",
        "rev": "d1fb321e73048d0e1e2b523580268ebb3df2ae90",
        "type": "github"
      },
      "original": {
        "dir": "src/modules",
        "owner": "cachix",
        "repo": "devenv",
        "type": "github"
      }
    },
    "flake-compat": {
      "flake": false,
      "locked": {
        "lastModified": 1767039857,
        "narHash": "sha256-vNpUSpF5Nuw8xvDLj2KCwwksIbjua2LZCqhV1LNRDns=",
        "owner": "NixOS",
        "repo": "flake-compat",
        "rev": "5edf11c44bc78a0d334f6334cdaf7d60d732daab",
        "type": "github"
      },
      "original": {
        "owner": "NixOS",
        "repo": "flake-compat",
        "type": "github"
      }
    },
    "flake-compat_2": {
      "locked": {
        "lastModified": 1747046372,
        "narHash": "sha256-CIVLLkVgvHYbgI2UpXvIIBJ12HWgX+fjA8Xf8PUmqCY=",
        "owner": "edolstra",
        "repo": "flake-compat",
        "rev": "9100a0f413b0c601e0533d1d94ffd501ce2e7885",
        "type": "github"
      },
      "original": {
        "owner": "edolstra",
        "repo": "flake-compat",
        "type": "github"
      }
    },
    "git-hooks": {
      "inputs": {
        "flake-compat": "flake-compat",
        "nixpkgs": [
          "nixpkgs"
        ]
      },
      "locked": {
        "lastModified": 1783008725,
        "narHash": "sha256-jGiy6+sxjNWXSjp25uoJuNfyH9zBK1PEDY0lVoL4ibQ=",
        "owner": "cachix",
        "repo": "git-hooks.nix",
        "rev": "bca82caa46d5ec0f5d422c61fb1e30bc51313cbe",
        "type": "github"
      },
      "original": {
        "owner": "cachix",
        "repo": "git-hooks.nix",
        "type": "github"
      }
    },
    "nixpkgs": {
      "locked": {
        "lastModified": 1783279667,
        "narHash": "sha256-/NAkDSsve+GNM0Bt6tleJdCGfsTlK89nPjkVOzZMo0s=",
        "owner": "nixos",
        "repo": "nixpkgs",
        "rev": "f205b5574fd0cb7da5b702a2da51507b7f4fdd1b",
        "type": "github"
      },
      "original": {
        "owner": "nixos",
        "ref": "nixpkgs-unstable",
        "repo": "nixpkgs",
        "type": "github"
      }
    },
    "nixpkgs-emscripten": {
      "locked": {
        "lastModified": 1732896023,
        "narHash": "sha256-H5XwF9vdzBvqWxR6WMVOiV/eESB3qFLKexWKtCPAuu0=",
        "owner": "nixos",
        "repo": "nixpkgs",
        "rev": "e255a9090e25aed2486f9fb00e5d645fb342d654",
        "type": "github"
      },
      "original": {
        "owner": "nixos",
        "repo": "nixpkgs",
        "rev": "e255a9090e25aed2486f9fb00e5d645fb342d654",
        "type": "github"
      }
    },
    "nixpkgs_2": {
      "locked": {
        "lastModified": 1751349533,
        "narHash": "sha256-5XRh0mB06/7WYDLu9ZXsx1GhyvvNVZDtPyg34sUCLJs=",
        "owner": "nixos",
        "repo": "nixpkgs",
        "rev": "bdfd0f2afcf764e531d0960c821ab070a6174b15",
        "type": "github"
      },
      "original": {
        "owner": "nixos",
        "ref": "nixpkgs-unstable",
        "repo": "nixpkgs",
        "type": "github"
      }
    },
    "root": {
      "inputs": {
        "devenv": "devenv",
        "git-hooks": "git-hooks",
        "nixpkgs": "nixpkgs",
        "nixpkgs-emscripten": "nixpkgs-emscripten",
        "rust-overlay": "rust-overlay",
        "tracy": "tracy"
      }
    },
    "rust-overlay": {
      "inputs": {
        "nixpkgs": [
          "nixpkgs"
        ]
      },
      "locked": {
        "lastModified": 1783663825,
        "narHash": "sha256-TTrNVoFdEw8j0Hn+shP1KAsimTmszTWBIIUliTaAuY0=",
        "owner": "oxalica",
        "repo": "rust-overlay",
        "rev": "072adf9b18936c1062c48123a9b77891d5968f2c",
        "type": "github"
      },
      "original": {
        "owner": "oxalica",
        "repo": "rust-overlay",
        "type": "github"
      }
    },
    "tracy": {
      "inputs": {
        "flake-compat": "flake-compat_2",
        "nixpkgs": "nixpkgs_2"
      },
      "locked": {
        "lastModified": 1751404470,
        "narHash": "sha256-IEaRA4GiGV8VBep4I/L8yniZ8pyEC+mW/dV8O1H0uhE=",
        "owner": "allyourcodebase",
        "repo": "tracy",
        "rev": "2ffcfc74dd24e77113fb07b3044a3fb2f5c2c325",
        "type": "github"
      },
      "original": {
        "owner": "allyourcodebase",
        "repo": "tracy",
        "rev": "2ffcfc74dd24e77113fb07b3044a3fb2f5c2c325",
        "type": "github"
      }
    }
  },
  "root": "root",
  "version": 7
}